
Microsoft Visual Studio Solution File, Format Version 12.00
# Visual Studio Version 16
VisualStudioVersion = 16.0.28705.295
MinimumVisualStudioVersion = 10.0.40219.1
Project("{9A19103F-16F7-4668-BE54-9A1E7A4F7556}") = "CRender", "CRender\CRender.csproj", "{4BE658A2-BF1D-401B-9355-7099F71174CF}"
EndProject
Project("{9A19103F-16F7-4668-BE54-9A1E7A4F7556}") = "CRenderTest", "CRenderTest\CRenderTest.csproj", "{908549BB-76E3-4EF7-96C4-FF5F93FC5F2C}"
EndProject
Project("{9A19103F-16F7-4668-BE54-9A1E7A4F7556}") = "CShader", "CShader\CShader.csproj", "{4E85287C-C990-4044-8523-2C134F3F796B}"
EndProject
Project("{9A19103F-16F7-4668-BE54-9A1E7A4F7556}") = "CShaderTest", "CShaderTest\CShaderTest.csproj", "{D1722D46-64C2-4B92-8682-28665F039305}"
EndProject
Project("{9A19103F-16F7-4668-BE54-9A1E7A4F7556}") = "CUtility", "CUtility\CUtility.csproj", "{BF07703B-0315-4429-907F-D2476304FFDF}"
EndProject
Global
	GlobalSection(SolutionConfigurationPlatforms) = preSolution
		Debug-Win|Any CPU = Debug-Win|Any CPU
		Release-Linux|Any CPU = Release-Linux|Any CPU
		Release-Win|Any CPU = Release-Win|Any CPU
	EndGlobalSection
	GlobalSection(ProjectConfigurationPlatforms) = postSolution
		{4BE658A2-BF1D-401B-9355-7099F71174CF}.Debug-Win|Any CPU.ActiveCfg = Debug|Any CPU
		{4BE658A2-BF1D-401B-9355-7099F71174CF}.Debug-Win|Any CPU.Build.0 = Debug|Any CPU
		{4BE658A2-BF1D-401B-9355-7099F71174CF}.Release-Linux|Any CPU.ActiveCfg = Release-Linux|Any CPU
		{4BE658A2-BF1D-401B-9355-7099F71174CF}.Release-Linux|Any CPU.Build.0 = Release-Linux|Any CPU
		{4BE658A2-BF1D-401B-9355-7099F71174CF}.Release-Win|Any CPU.ActiveCfg = Release|Any CPU
		{4BE658A2-BF1D-401B-9355-7099F71174CF}.Release-Win|Any CPU.Build.0 = Release|Any CPU
		{908549BB-76E3-4EF7-96C4-FF5F93FC5F2C}.Debug-Win|Any CPU.ActiveCfg = Debug|Any CPU
		{908549BB-76E3-4EF7-96C4-FF5F93FC5F2C}.Debug-Win|Any CPU.Build.0 = Debug|Any CPU
		{908549BB-76E3-4EF7-96C4-FF5F93FC5F2C}.Release-Linux|Any CPU.ActiveCfg = Release-Linux|Any CPU
		{908549BB-76E3-4EF7-96C4-FF5F93FC5F2C}.Release-Linux|Any CPU.Build.0 = Release-Linux|Any CPU
		{908549BB-76E3-4EF7-96C4-FF5F93FC5F2C}.Release-Win|Any CPU.ActiveCfg = Release|Any CPU
		{908549BB-76E3-4EF7-96C4-FF5F93FC5F2C}.Release-Win|Any CPU.Build.0 = Release|Any CPU
		{4E85287C-C990-4044-8523-2C134F3F796B}.Debug-Win|Any CPU.ActiveCfg = Debug|Any CPU
		{4E85287C-C990-4044-8523-2C134F3F796B}.Debug-Win|Any CPU.Build.0 = Debug|Any CPU
		{4E85287C-C990-4044-8523-2C134F3F796B}.Release-Linux|Any CPU.ActiveCfg = Release-Linux|Any CPU
		{4E85287C-C990-4044-8523-2C134F3F796B}.Release-Linux|Any CPU.Build.0 = Release-Linux|Any CPU
		{4E85287C-C990-4044-8523-2C134F3F796B}.Release-Win|Any CPU.ActiveCfg = Release|Any CPU
		{4E85287C-C990-4044-8523-2C134F3F796B}.Release-Win|Any CPU.Build.0 = Release|Any CPU
		{D1722D46-64C2-4B92-8682-28665F039305}.Debug-Win|Any CPU.ActiveCfg = Debug|Any CPU
		{D1722D46-64C2-4B92-8682-28665F039305}.Debug-Win|Any CPU.Build.0 = Debug|Any CPU
		{D1722D46-64C2-4B92-8682-28665F039305}.Release-Linux|Any CPU.ActiveCfg = Release-Linux|Any CPU
		{D1722D46-64C2-4B92-8682-28665F039305}.Release-Linux|Any CPU.Build.0 = Release-Linux|Any CPU
		{D1722D46-64C2-4B92-8682-28665F039305}.Release-Win|Any CPU.ActiveCfg = Release|Any CPU
		{D1722D46-64C2-4B92-8682-28665F039305}.Release-Win|Any CPU.Build.0 = Release|Any CPU
		{BF07703B-0315-4429-907F-D2476304FFDF}.Debug-Win|Any CPU.ActiveCfg = Debug|Any CPU
		{BF07703B-0315-4429-907F-D2476304FFDF}.Debug-Win|Any CPU.Build.0 = Debug|Any CPU
		{BF07703B-0315-4429-907F-D2476304FFDF}.Release-Linux|Any CPU.ActiveCfg = Release-Linux|Any CPU
		{BF07703B-0315-4429-907F-D2476304FFDF}.Release-Linux|Any CPU.Build.0 = Release-Linux|Any CPU
		{BF07703B-0315-4429-907F-D2476304FFDF}.Release-Win|Any CPU.ActiveCfg = Release|Any CPU
		{BF07703B-0315-4429-907F-D2476304FFDF}.Release-Win|Any CPU.Build.0 = Release|Any CPU
	EndGlobalSection
	GlobalSection(SolutionProperties) = preSolution
		HideSolutionNode = FALSE
	EndGlobalSection
	GlobalSection(ExtensibilityGlobals) = postSolution
		SolutionGuid = {2BF08EF1-5218-4714-8EA5-63E4D74C299F}
	EndGlobalSection
EndGlobal
